// !$*UTF8*$!
{
	archiveVersion = 1;
	classes = {
	};
	objectVersion = 55;
	objects = {

/* Begin PBXBuildFile section */
		C425AD0C2820E34A008AC710 /* RogueScene.swift in Sources */ = {isa = PBXBuildFile; fileRef = C425AD012820E34A008AC710 /* RogueScene.swift */; };
		C425AD0D2820E34A008AC710 /* BrogueViewController.swift in Sources */ = {isa = PBXBuildFile; fileRef = C425AD022820E34A008AC710 /* BrogueViewController.swift */; };
		C425AD0E2820E34A008AC710 /* RogueDriver.mm in Sources */ = {isa = PBXBuildFile; fileRef = C425AD032820E34A008AC710 /* RogueDriver.mm */; };
		C425AD0F2820E34A008AC710 /* Cell.swift in Sources */ = {isa = PBXBuildFile; fileRef = C425AD042820E34A008AC710 /* Cell.swift */; };
		C425AD102820E34A008AC710 /* RogueMain.mm in Sources */ = {isa = PBXBuildFile; fileRef = C425AD052820E34A008AC710 /* RogueMain.mm */; };
		C425AD112820E34A008AC710 /* SKViewPort.swift in Sources */ = {isa = PBXBuildFile; fileRef = C425AD082820E34A008AC710 /* SKViewPort.swift */; };
		C425AD122820E34A008AC710 /* DirectionControlsViewController.m in Sources */ = {isa = PBXBuildFile; fileRef = C425AD0B2820E34A008AC710 /* DirectionControlsViewController.m */; };
		C425AD7A2820E38F008AC710 /* main.m in Sources */ = {isa = PBXBuildFile; fileRef = C425AD782820E38F008AC710 /* main.m */; };
		C425AD7B2820E38F008AC710 /* BrogueCE.ttf in Resources */ = {isa = PBXBuildFile; fileRef = C425AD792820E38F008AC710 /* BrogueCE.ttf */; };
		C425AD7F2820E3AE008AC710 /* Main.storyboard in Resources */ = {isa = PBXBuildFile; fileRef = C425AD7D2820E3AE008AC710 /* Main.storyboard */; };
		C425AD802820E3AE008AC710 /* AppDelegate.m in Sources */ = {isa = PBXBuildFile; fileRef = C425AD7E2820E3AE008AC710 /* AppDelegate.m */; };
		C425AD962820E3C0008AC710 /* gamecenterlogo_brogue@2x.png in Resources */ = {isa = PBXBuildFile; fileRef = C425AD822820E3C0008AC710 /* gamecenterlogo_brogue@2x.png */; };
		C425AD972820E3C0008AC710 /* brogue_dismissbutton.png in Resources */ = {isa = PBXBuildFile; fileRef = C425AD832820E3C0008AC710 /* brogue_dismissbutton.png */; };
		C425AD982820E3C0008AC710 /* about_brogue@2x.png in Resources */ = {isa = PBXBuildFile; fileRef = C425AD842820E3C0008AC710 /* about_brogue@2x.png */; };
		C425AD992820E3C0008AC710 /* Default-Landscape~ipad.png in Resources */ = {isa = PBXBuildFile; fileRef = C425AD852820E3C0008AC710 /* Default-Landscape~ipad.png */; };
		C425AD9A2820E3C0008AC710 /* brogue_directionals@2x.png in Resources */ = {isa = PBXBuildFile; fileRef = C425AD862820E3C0008AC710 /* brogue_directionals@2x.png */; };
		C425AD9B2820E3C0008AC710 /* icon_144x144.png in Resources */ = {isa = PBXBuildFile; fileRef = C425AD872820E3C0008AC710 /* icon_144x144.png */; };
		C425AD9C2820E3C0008AC710 /* brogue_sproutedseed@2x.png in Resources */ = {isa = PBXBuildFile; fileRef = C425AD882820E3C0008AC710 /* brogue_sproutedseed@2x.png */; };
		C425AD9D2820E3C0008AC710 /* brogue_dismissbutton@2x.png in Resources */ = {isa = PBXBuildFile; fileRef = C425AD892820E3C0008AC710 /* brogue_dismissbutton@2x.png */; };
		C425AD9E2820E3C0008AC710 /* about_brogue.png in Resources */ = {isa = PBXBuildFile; fileRef = C425AD8A2820E3C0008AC710 /* about_brogue.png */; };
		C425AD9F2820E3C0008AC710 /* icon_72x72.png in Resources */ = {isa = PBXBuildFile; fileRef = C425AD8B2820E3C0008AC710 /* icon_72x72.png */; };
		C425ADA02820E3C0008AC710 /* brogue_showinventory_button.png in Resources */ = {isa = PBXBuildFile; fileRef = C425AD8C2820E3C0008AC710 /* brogue_showinventory_button.png */; };
		C425ADA12820E3C0008AC710 /* brogue_escapebutton@2x.png in Resources */ = {isa = PBXBuildFile; fileRef = C425AD8D2820E3C0008AC710 /* brogue_escapebutton@2x.png */; };
		C425ADA22820E3C0008AC710 /* Default-Landscape@2x~ipad.png in Resources */ = {isa = PBXBuildFile; fileRef = C425AD8E2820E3C0008AC710 /* Default-Landscape@2x~ipad.png */; };
		C425ADA32820E3C0008AC710 /* brogue_sproutedseed.png in Resources */ = {isa = PBXBuildFile; fileRef = C425AD8F2820E3C0008AC710 /* brogue_sproutedseed.png */; };
		C425ADA42820E3C0008AC710 /* brogue_directionals.png in Resources */ = {isa = PBXBuildFile; fileRef = C425AD902820E3C0008AC710 /* brogue_directionals.png */; };
		C425ADA52820E3C0008AC710 /* brogue_escapebutton.png in Resources */ = {isa = PBXBuildFile; fileRef = C425AD912820E3C0008AC710 /* brogue_escapebutton.png */; };
		C425ADA62820E3C0008AC710 /* brogue_showinventory_button@2x.png in Resources */ = {isa = PBXBuildFile; fileRef = C425AD922820E3C0008AC710 /* brogue_showinventory_button@2x.png */; };
		C425ADA72820E3C0008AC710 /* brogue_seed.png in Resources */ = {isa = PBXBuildFile; fileRef = C425AD932820E3C0008AC710 /* brogue_seed.png */; };
		C425ADA82820E3C0008AC710 /* gamecenterlogo_brogue.png in Resources */ = {isa = PBXBuildFile; fileRef = C425AD942820E3C0008AC710 /* gamecenterlogo_brogue.png */; };
		C425ADA92820E3C0008AC710 /* brogue_seed@2x.png in Resources */ = {isa = PBXBuildFile; fileRef = C425AD952820E3C0008AC710 /* brogue_seed@2x.png */; };
		C425ADAB2820E3DE008AC710 /* Images.xcassets in Resources */ = {isa = PBXBuildFile; fileRef = C425ADAA2820E3DE008AC710 /* Images.xcassets */; };
		C425ADC62820E718008AC710 /* PowerTables.c in Sources */ = {isa = PBXBuildFile; fileRef = C425ADB22820E718008AC710 /* PowerTables.c */; };
		C425ADC72820E718008AC710 /* Combat.c in Sources */ = {isa = PBXBuildFile; fileRef = C425ADB32820E718008AC710 /* Combat.c */; };
		C425ADC82820E718008AC710 /* Math.c in Sources */ = {isa = PBXBuildFile; fileRef = C425ADB42820E718008AC710 /* Math.c */; };
		C425ADC92820E718008AC710 /* Items.c in Sources */ = {isa = PBXBuildFile; fileRef = C425ADB52820E718008AC710 /* Items.c */; };
		C425ADCA2820E718008AC710 /* Dijkstra.c in Sources */ = {isa = PBXBuildFile; fileRef = C425ADB62820E718008AC710 /* Dijkstra.c */; };
		C425ADCB2820E718008AC710 /* IO.c in Sources */ = {isa = PBXBuildFile; fileRef = C425ADB72820E718008AC710 /* IO.c */; };
		C425ADCC2820E718008AC710 /* Buttons.c in Sources */ = {isa = PBXBuildFile; fileRef = C425ADB82820E718008AC710 /* Buttons.c */; };
		C425ADCD2820E718008AC710 /* Monsters.c in Sources */ = {isa = PBXBuildFile; fileRef = C425ADBB2820E718008AC710 /* Monsters.c */; };
		C425ADCE2820E718008AC710 /* MainMenu.c in Sources */ = {isa = PBXBuildFile; fileRef = C425ADBC2820E718008AC710 /* MainMenu.c */; };
		C425ADCF2820E718008AC710 /* Movement.c in Sources */ = {isa = PBXBuildFile; fileRef = C425ADBD2820E718008AC710 /* Movement.c */; };
		C425ADD02820E718008AC710 /* Time.c in Sources */ = {isa = PBXBuildFile; fileRef = C425ADBE2820E718008AC710 /* Time.c */; };
		C425ADD12820E718008AC710 /* Light.c in Sources */ = {isa = PBXBuildFile; fileRef = C425ADBF2820E718008AC710 /* Light.c */; };
		C425ADD22820E718008AC710 /* Architect.c in Sources */ = {isa = PBXBuildFile; fileRef = C425ADC02820E718008AC710 /* Architect.c */; };
		C425ADD32820E718008AC710 /* SeedCatalog.c in Sources */ = {isa = PBXBuildFile; fileRef = C425ADC12820E718008AC710 /* SeedCatalog.c */; };
		C425ADD42820E718008AC710 /* Utilities.c in Sources */ = {isa = PBXBuildFile; fileRef = C425ADC22820E718008AC710 /* Utilities.c */; };
		C425ADD52820E718008AC710 /* Grid.c in Sources */ = {isa = PBXBuildFile; fileRef = C425ADC32820E718008AC710 /* Grid.c */; };
		C425ADD62820E718008AC710 /* Recordings.c in Sources */ = {isa = PBXBuildFile; fileRef = C425ADC42820E718008AC710 /* Recordings.c */; };
		C425ADD72820E718008AC710 /* Globals.c in Sources */ = {isa = PBXBuildFile; fileRef = C425ADC52820E718008AC710 /* Globals.c */; };
		C425ADDC2820E73F008AC710 /* main.c.old in Sources */ = {isa = PBXBuildFile; fileRef = C425ADD82820E73F008AC710 /* main.c.old */; };
		C425ADDD2820E73F008AC710 /* platformdependent.c in Sources */ = {isa = PBXBuildFile; fileRef = C425ADDB2820E73F008AC710 /* platformdependent.c */; };
		C4D39AE8282189A600A5C26D /* RogueMain.c in Sources */ = {isa = PBXBuildFile; fileRef = C4D39AE7282189A600A5C26D /* RogueMain.c */; };
/* End PBXBuildFile section */

/* Begin PBXFileReference section */
		C425ACE92820E30D008AC710 /* RapidBrogue.app */ = {isa = PBXFileReference; explicitFileType = wrapper.application; includeInIndex = 0; path = RapidBrogue.app; sourceTree = BUILT_PRODUCTS_DIR; };
		C425AD012820E34A008AC710 /* RogueScene.swift */ = {isa = PBXFileReference; fileEncoding = 4; lastKnownFileType = sourcecode.swift; path = RogueScene.swift; sourceTree = "<group>"; };
		C425AD022820E34A008AC710 /* BrogueViewController.swift */ = {isa = PBXFileReference; fileEncoding = 4; lastKnownFileType = sourcecode.swift; path = BrogueViewController.swift; sourceTree = "<group>"; };
		C425AD032820E34A008AC710 /* RogueDriver.mm */ = {isa = PBXFileReference; fileEncoding = 4; lastKnownFileType = sourcecode.cpp.objcpp; path = RogueDriver.mm; sourceTree = "<group>"; };
		C425AD042820E34A008AC710 /* Cell.swift */ = {isa = PBXFileReference; fileEncoding = 4; lastKnownFileType = sourcecode.swift; path = Cell.swift; sourceTree = "<group>"; };
		C425AD052820E34A008AC710 /* RogueMain.mm */ = {isa = PBXFileReference; fileEncoding = 4; lastKnownFileType = sourcecode.cpp.objcpp; path = RogueMain.mm; sourceTree = "<group>"; };
		C425AD062820E34A008AC710 /* RogueDriver.h */ = {isa = PBXFileReference; fileEncoding = 4; lastKnownFileType = sourcecode.c.h; path = RogueDriver.h; sourceTree = "<group>"; };
		C425AD082820E34A008AC710 /* SKViewPort.swift */ = {isa = PBXFileReference; fileEncoding = 4; lastKnownFileType = sourcecode.swift; path = SKViewPort.swift; sourceTree = "<group>"; };
		C425AD0A2820E34A008AC710 /* DirectionControlsViewController.h */ = {isa = PBXFileReference; fileEncoding = 4; lastKnownFileType = sourcecode.c.h; path = DirectionControlsViewController.h; sourceTree = "<group>"; };
		C425AD0B2820E34A008AC710 /* DirectionControlsViewController.m */ = {isa = PBXFileReference; fileEncoding = 4; lastKnownFileType = sourcecode.c.objc; path = DirectionControlsViewController.m; sourceTree = "<group>"; };
		C425AD782820E38F008AC710 /* main.m */ = {isa = PBXFileReference; fileEncoding = 4; lastKnownFileType = sourcecode.c.objc; path = main.m; sourceTree = "<group>"; };
		C425AD792820E38F008AC710 /* BrogueCE.ttf */ = {isa = PBXFileReference; lastKnownFileType = file; path = BrogueCE.ttf; sourceTree = "<group>"; };
		C425AD7C2820E3AE008AC710 /* AppDelegate.h */ = {isa = PBXFileReference; fileEncoding = 4; lastKnownFileType = sourcecode.c.h; path = AppDelegate.h; sourceTree = "<group>"; };
		C425AD7D2820E3AE008AC710 /* Main.storyboard */ = {isa = PBXFileReference; fileEncoding = 4; lastKnownFileType = file.storyboard; path = Main.storyboard; sourceTree = "<group>"; };
		C425AD7E2820E3AE008AC710 /* AppDelegate.m */ = {isa = PBXFileReference; fileEncoding = 4; lastKnownFileType = sourcecode.c.objc; path = AppDelegate.m; sourceTree = "<group>"; };
		C425AD822820E3C0008AC710 /* gamecenterlogo_brogue@2x.png */ = {isa = PBXFileReference; lastKnownFileType = image.png; path = "gamecenterlogo_brogue@2x.png"; sourceTree = "<group>"; };
		C425AD832820E3C0008AC710 /* brogue_dismissbutton.png */ = {isa = PBXFileReference; lastKnownFileType = image.png; path = brogue_dismissbutton.png; sourceTree = "<group>"; };
		C425AD842820E3C0008AC710 /* about_brogue@2x.png */ = {isa = PBXFileReference; lastKnownFileType = image.png; path = "about_brogue@2x.png"; sourceTree = "<group>"; };
		C425AD852820E3C0008AC710 /* Default-Landscape~ipad.png */ = {isa = PBXFileReference; lastKnownFileType = image.png; path = "Default-Landscape~ipad.png"; sourceTree = "<group>"; };
		C425AD862820E3C0008AC710 /* brogue_directionals@2x.png */ = {isa = PBXFileReference; lastKnownFileType = image.png; path = "brogue_directionals@2x.png"; sourceTree = "<group>"; };
		C425AD872820E3C0008AC710 /* icon_144x144.png */ = {isa = PBXFileReference; lastKnownFileType = image.png; path = icon_144x144.png; sourceTree = "<group>"; };
		C425AD882820E3C0008AC710 /* brogue_sproutedseed@2x.png */ = {isa = PBXFileReference; lastKnownFileType = image.png; path = "brogue_sproutedseed@2x.png"; sourceTree = "<group>"; };
		C425AD892820E3C0008AC710 /* brogue_dismissbutton@2x.png */ = {isa = PBXFileReference; lastKnownFileType = image.png; path = "brogue_dismissbutton@2x.png"; sourceTree = "<group>"; };
		C425AD8A2820E3C0008AC710 /* about_brogue.png */ = {isa = PBXFileReference; lastKnownFileType = image.png; path = about_brogue.png; sourceTree = "<group>"; };
		C425AD8B2820E3C0008AC710 /* icon_72x72.png */ = {isa = PBXFileReference; lastKnownFileType = image.png; path = icon_72x72.png; sourceTree = "<group>"; };
		C425AD8C2820E3C0008AC710 /* brogue_showinventory_button.png */ = {isa = PBXFileReference; lastKnownFileType = image.png; path = brogue_showinventory_button.png; sourceTree = "<group>"; };
		C425AD8D2820E3C0008AC710 /* brogue_escapebutton@2x.png */ = {isa = PBXFileReference; lastKnownFileType = image.png; path = "brogue_escapebutton@2x.png"; sourceTree = "<group>"; };
		C425AD8E2820E3C0008AC710 /* Default-Landscape@2x~ipad.png */ = {isa = PBXFileReference; lastKnownFileType = image.png; path = "Default-Landscape@2x~ipad.png"; sourceTree = "<group>"; };
		C425AD8F2820E3C0008AC710 /* brogue_sproutedseed.png */ = {isa = PBXFileReference; lastKnownFileType = image.png; path = brogue_sproutedseed.png; sourceTree = "<group>"; };
		C425AD902820E3C0008AC710 /* brogue_directionals.png */ = {isa = PBXFileReference; lastKnownFileType = image.png; path = brogue_directionals.png; sourceTree = "<group>"; };
		C425AD912820E3C0008AC710 /* brogue_escapebutton.png */ = {isa = PBXFileReference; lastKnownFileType = image.png; path = brogue_escapebutton.png; sourceTree = "<group>"; };
		C425AD922820E3C0008AC710 /* brogue_showinventory_button@2x.png */ = {isa = PBXFileReference; lastKnownFileType = image.png; path = "brogue_showinventory_button@2x.png"; sourceTree = "<group>"; };
		C425AD932820E3C0008AC710 /* brogue_seed.png */ = {isa = PBXFileReference; lastKnownFileType = image.png; path = brogue_seed.png; sourceTree = "<group>"; };
		C425AD942820E3C0008AC710 /* gamecenterlogo_brogue.png */ = {isa = PBXFileReference; lastKnownFileType = image.png; path = gamecenterlogo_brogue.png; sourceTree = "<group>"; };
		C425AD952820E3C0008AC710 /* brogue_seed@2x.png */ = {isa = PBXFileReference; lastKnownFileType = image.png; path = "brogue_seed@2x.png"; sourceTree = "<group>"; };
		C425ADAA2820E3DE008AC710 /* Images.xcassets */ = {isa = PBXFileReference; lastKnownFileType = folder.assetcatalog; path = Images.xcassets; sourceTree = "<group>"; };
		C425ADB02820E5EA008AC710 /* RapidBrogue-Bridging-Header.h */ = {isa = PBXFileReference; lastKnownFileType = sourcecode.c.h; path = "RapidBrogue-Bridging-Header.h"; sourceTree = "<group>"; };
		C425ADB22820E718008AC710 /* PowerTables.c */ = {isa = PBXFileReference; fileEncoding = 4; lastKnownFileType = sourcecode.c.c; path = PowerTables.c; sourceTree = "<group>"; };
		C425ADB32820E718008AC710 /* Combat.c */ = {isa = PBXFileReference; fileEncoding = 4; lastKnownFileType = sourcecode.c.c; path = Combat.c; sourceTree = "<group>"; };
		C425ADB42820E718008AC710 /* Math.c */ = {isa = PBXFileReference; fileEncoding = 4; lastKnownFileType = sourcecode.c.c; path = Math.c; sourceTree = "<group>"; };
		C425ADB52820E718008AC710 /* Items.c */ = {isa = PBXFileReference; fileEncoding = 4; lastKnownFileType = sourcecode.c.c; path = Items.c; sourceTree = "<group>"; };
		C425ADB62820E718008AC710 /* Dijkstra.c */ = {isa = PBXFileReference; fileEncoding = 4; lastKnownFileType = sourcecode.c.c; path = Dijkstra.c; sourceTree = "<group>"; };
		C425ADB72820E718008AC710 /* IO.c */ = {isa = PBXFileReference; fileEncoding = 4; lastKnownFileType = sourcecode.c.c; path = IO.c; sourceTree = "<group>"; };
		C425ADB82820E718008AC710 /* Buttons.c */ = {isa = PBXFileReference; fileEncoding = 4; lastKnownFileType = sourcecode.c.c; path = Buttons.c; sourceTree = "<group>"; };
		C425ADB92820E718008AC710 /* Rogue.h */ = {isa = PBXFileReference; fileEncoding = 4; lastKnownFileType = sourcecode.c.h; path = Rogue.h; sourceTree = "<group>"; };
		C425ADBA2820E718008AC710 /* IncludeGlobals.h */ = {isa = PBXFileReference; fileEncoding = 4; lastKnownFileType = sourcecode.c.h; path = IncludeGlobals.h; sourceTree = "<group>"; };
		C425ADBB2820E718008AC710 /* Monsters.c */ = {isa = PBXFileReference; fileEncoding = 4; lastKnownFileType = sourcecode.c.c; path = Monsters.c; sourceTree = "<group>"; };
		C425ADBC2820E718008AC710 /* MainMenu.c */ = {isa = PBXFileReference; fileEncoding = 4; lastKnownFileType = sourcecode.c.c; path = MainMenu.c; sourceTree = "<group>"; };
		C425ADBD2820E718008AC710 /* Movement.c */ = {isa = PBXFileReference; fileEncoding = 4; lastKnownFileType = sourcecode.c.c; path = Movement.c; sourceTree = "<group>"; };
		C425ADBE2820E718008AC710 /* Time.c */ = {isa = PBXFileReference; fileEncoding = 4; lastKnownFileType = sourcecode.c.c; path = Time.c; sourceTree = "<group>"; };
		C425ADBF2820E718008AC710 /* Light.c */ = {isa = PBXFileReference; fileEncoding = 4; lastKnownFileType = sourcecode.c.c; path = Light.c; sourceTree = "<group>"; };
		C425ADC02820E718008AC710 /* Architect.c */ = {isa = PBXFileReference; fileEncoding = 4; lastKnownFileType = sourcecode.c.c; path = Architect.c; sourceTree = "<group>"; };
		C425ADC12820E718008AC710 /* SeedCatalog.c */ = {isa = PBXFileReference; fileEncoding = 4; lastKnownFileType = sourcecode.c.c; path = SeedCatalog.c; sourceTree = "<group>"; };
		C425ADC22820E718008AC710 /* Utilities.c */ = {isa = PBXFileReference; fileEncoding = 4; lastKnownFileType = sourcecode.c.c; path = Utilities.c; sourceTree = "<group>"; };
		C425ADC32820E718008AC710 /* Grid.c */ = {isa = PBXFileReference; fileEncoding = 4; lastKnownFileType = sourcecode.c.c; path = Grid.c; sourceTree = "<group>"; };
		C425ADC42820E718008AC710 /* Recordings.c */ = {isa = PBXFileReference; fileEncoding = 4; lastKnownFileType = sourcecode.c.c; path = Recordings.c; sourceTree = "<group>"; };
		C425ADC52820E718008AC710 /* Globals.c */ = {isa = PBXFileReference; fileEncoding = 4; lastKnownFileType = sourcecode.c.c; path = Globals.c; sourceTree = "<group>"; };
		C425ADD82820E73F008AC710 /* main.c.old */ = {isa = PBXFileReference; fileEncoding = 4; lastKnownFileType = text; path = main.c.old; sourceTree = "<group>"; };
		C425ADD92820E73F008AC710 /* PlatformDefines.h */ = {isa = PBXFileReference; fileEncoding = 4; lastKnownFileType = sourcecode.c.h; path = PlatformDefines.h; sourceTree = "<group>"; };
		C425ADDA2820E73F008AC710 /* platform.h */ = {isa = PBXFileReference; fileEncoding = 4; lastKnownFileType = sourcecode.c.h; path = platform.h; sourceTree = "<group>"; };
		C425ADDB2820E73F008AC710 /* platformdependent.c */ = {isa = PBXFileReference; fileEncoding = 4; lastKnownFileType = sourcecode.c.c; path = platformdependent.c; sourceTree = "<group>"; };
		C4D39AE6282186C600A5C26D /* RapidBrogue-Prefix.pch */ = {isa = PBXFileReference; lastKnownFileType = sourcecode.c.h; path = "RapidBrogue-Prefix.pch"; sourceTree = "<group>"; };
		C4D39AE7282189A600A5C26D /* RogueMain.c */ = {isa = PBXFileReference; fileEncoding = 4; lastKnownFileType = sourcecode.c.c; path = RogueMain.c; sourceTree = "<group>"; };
/* End PBXFileReference section */

/* Begin PBXFrameworksBuildPhase section */
		C425ACE62820E30D008AC710 /* Frameworks */ = {
			isa = PBXFrameworksBuildPhase;
			buildActionMask = 2147483647;
			files = (
			);
			runOnlyForDeploymentPostprocessing = 0;
		};
/* End PBXFrameworksBuildPhase section */

/* Begin PBXGroup section */
		C425ACE02820E30D008AC710 = {
			isa = PBXGroup;
			children = (
				C425ACEB2820E30D008AC710 /* RapidBrogue */,
				C425ACEA2820E30D008AC710 /* Products */,
			);
			sourceTree = "<group>";
		};
		C425ACEA2820E30D008AC710 /* Products */ = {
			isa = PBXGroup;
			children = (
				C425ACE92820E30D008AC710 /* RapidBrogue.app */,
			);
			name = Products;
			sourceTree = "<group>";
		};
		C425ACEB2820E30D008AC710 /* RapidBrogue */ = {
			isa = PBXGroup;
			children = (
				C425ADDE2820E7CA008AC710 /* platform */,
				C425ADB12820E718008AC710 /* brogue */,
				C425ADAA2820E3DE008AC710 /* Images.xcassets */,
				C425AD812820E3C0008AC710 /* Image Assets */,
				C425AD792820E38F008AC710 /* BrogueCE.ttf */,
				C425AD782820E38F008AC710 /* main.m */,
				C425AD7C2820E3AE008AC710 /* AppDelegate.h */,
				C425AD7E2820E3AE008AC710 /* AppDelegate.m */,
				C425AD7D2820E3AE008AC710 /* Main.storyboard */,
				C425AD002820E34A008AC710 /* PlatformCode */,
			);
			path = RapidBrogue;
			sourceTree = "<group>";
		};
		C425AD002820E34A008AC710 /* PlatformCode */ = {
			isa = PBXGroup;
			children = (
				C425AD012820E34A008AC710 /* RogueScene.swift */,
				C425AD022820E34A008AC710 /* BrogueViewController.swift */,
				C425AD032820E34A008AC710 /* RogueDriver.mm */,
				C425AD042820E34A008AC710 /* Cell.swift */,
				C425AD052820E34A008AC710 /* RogueMain.mm */,
				C425AD062820E34A008AC710 /* RogueDriver.h */,
				C425AD082820E34A008AC710 /* SKViewPort.swift */,
				C425AD092820E34A008AC710 /* Directional Controls */,
				C425ADB02820E5EA008AC710 /* RapidBrogue-Bridging-Header.h */,
				C4D39AE6282186C600A5C26D /* RapidBrogue-Prefix.pch */,
			);
			path = PlatformCode;
			sourceTree = "<group>";
		};
		C425AD092820E34A008AC710 /* Directional Controls */ = {
			isa = PBXGroup;
			children = (
				C425AD0A2820E34A008AC710 /* DirectionControlsViewController.h */,
				C425AD0B2820E34A008AC710 /* DirectionControlsViewController.m */,
			);
			path = "Directional Controls";
			sourceTree = "<group>";
		};
		C425AD812820E3C0008AC710 /* Image Assets */ = {
			isa = PBXGroup;
			children = (
				C425AD822820E3C0008AC710 /* gamecenterlogo_brogue@2x.png */,
				C425AD832820E3C0008AC710 /* brogue_dismissbutton.png */,
				C425AD842820E3C0008AC710 /* about_brogue@2x.png */,
				C425AD852820E3C0008AC710 /* Default-Landscape~ipad.png */,
				C425AD862820E3C0008AC710 /* brogue_directionals@2x.png */,
				C425AD872820E3C0008AC710 /* icon_144x144.png */,
				C425AD882820E3C0008AC710 /* brogue_sproutedseed@2x.png */,
				C425AD892820E3C0008AC710 /* brogue_dismissbutton@2x.png */,
				C425AD8A2820E3C0008AC710 /* about_brogue.png */,
				C425AD8B2820E3C0008AC710 /* icon_72x72.png */,
				C425AD8C2820E3C0008AC710 /* brogue_showinventory_button.png */,
				C425AD8D2820E3C0008AC710 /* brogue_escapebutton@2x.png */,
				C425AD8E2820E3C0008AC710 /* Default-Landscape@2x~ipad.png */,
				C425AD8F2820E3C0008AC710 /* brogue_sproutedseed.png */,
				C425AD902820E3C0008AC710 /* brogue_directionals.png */,
				C425AD912820E3C0008AC710 /* brogue_escapebutton.png */,
				C425AD922820E3C0008AC710 /* brogue_showinventory_button@2x.png */,
				C425AD932820E3C0008AC710 /* brogue_seed.png */,
				C425AD942820E3C0008AC710 /* gamecenterlogo_brogue.png */,
				C425AD952820E3C0008AC710 /* brogue_seed@2x.png */,
			);
			path = "Image Assets";
			sourceTree = "<group>";
		};
		C425ADB12820E718008AC710 /* brogue */ = {
			isa = PBXGroup;
			children = (
				C4D39AE7282189A600A5C26D /* RogueMain.c */,
				C425ADB22820E718008AC710 /* PowerTables.c */,
				C425ADB32820E718008AC710 /* Combat.c */,
				C425ADB42820E718008AC710 /* Math.c */,
				C425ADB52820E718008AC710 /* Items.c */,
				C425ADB62820E718008AC710 /* Dijkstra.c */,
				C425ADB72820E718008AC710 /* IO.c */,
				C425ADB82820E718008AC710 /* Buttons.c */,
				C425ADB92820E718008AC710 /* Rogue.h */,
				C425ADBA2820E718008AC710 /* IncludeGlobals.h */,
				C425ADBB2820E718008AC710 /* Monsters.c */,
				C425ADBC2820E718008AC710 /* MainMenu.c */,
				C425ADBD2820E718008AC710 /* Movement.c */,
				C425ADBE2820E718008AC710 /* Time.c */,
				C425ADBF2820E718008AC710 /* Light.c */,
				C425ADC02820E718008AC710 /* Architect.c */,
				C425ADC12820E718008AC710 /* SeedCatalog.c */,
				C425ADC22820E718008AC710 /* Utilities.c */,
				C425ADC32820E718008AC710 /* Grid.c */,
				C425ADC42820E718008AC710 /* Recordings.c */,
				C425ADC52820E718008AC710 /* Globals.c */,
			);
			path = brogue;
			sourceTree = "<group>";
		};
		C425ADDE2820E7CA008AC710 /* platform */ = {
			isa = PBXGroup;
			children = (
				C425ADD82820E73F008AC710 /* main.c.old */,
				C425ADDA2820E73F008AC710 /* platform.h */,
				C425ADD92820E73F008AC710 /* PlatformDefines.h */,
				C425ADDB2820E73F008AC710 /* platformdependent.c */,
			);
			path = platform;
			sourceTree = "<group>";
		};
/* End PBXGroup section */

/* Begin PBXNativeTarget section */
		C425ACE82820E30D008AC710 /* RapidBrogue */ = {
			isa = PBXNativeTarget;
			buildConfigurationList = C425ACFD2820E30E008AC710 /* Build configuration list for PBXNativeTarget "RapidBrogue" */;
			buildPhases = (
				C425ACE52820E30D008AC710 /* Sources */,
				C425ACE62820E30D008AC710 /* Frameworks */,
				C425ACE72820E30D008AC710 /* Resources */,
			);
			buildRules = (
			);
			dependencies = (
			);
			name = RapidBrogue;
			productName = RapidBrogue;
			productReference = C425ACE92820E30D008AC710 /* RapidBrogue.app */;
			productType = "com.apple.product-type.application";
		};
/* End PBXNativeTarget section */

/* Begin PBXProject section */
		C425ACE12820E30D008AC710 /* Project object */ = {
			isa = PBXProject;
			attributes = {
				BuildIndependentTargetsInParallel = 1;
				LastSwiftUpdateCheck = 1330;
				LastUpgradeCheck = 1330;
				TargetAttributes = {
					C425ACE82820E30D008AC710 = {
						CreatedOnToolsVersion = 13.3.1;
					};
				};
			};
			buildConfigurationList = C425ACE42820E30D008AC710 /* Build configuration list for PBXProject "RapidBrogue" */;
			compatibilityVersion = "Xcode 13.0";
			developmentRegion = en;
			hasScannedForEncodings = 0;
			knownRegions = (
				en,
				Base,
			);
			mainGroup = C425ACE02820E30D008AC710;
			productRefGroup = C425ACEA2820E30D008AC710 /* Products */;
			projectDirPath = "";
			projectRoot = "";
			targets = (
				C425ACE82820E30D008AC710 /* RapidBrogue */,
			);
		};
/* End PBXProject section */

/* Begin PBXResourcesBuildPhase section */
		C425ACE72820E30D008AC710 /* Resources */ = {
			isa = PBXResourcesBuildPhase;
			buildActionMask = 2147483647;
			files = (
				C425AD9E2820E3C0008AC710 /* about_brogue.png in Resources */,
				C425ADAB2820E3DE008AC710 /* Images.xcassets in Resources */,
				C425AD992820E3C0008AC710 /* Default-Landscape~ipad.png in Resources */,
				C425AD982820E3C0008AC710 /* about_brogue@2x.png in Resources */,
				C425ADA92820E3C0008AC710 /* brogue_seed@2x.png in Resources */,
				C425ADA12820E3C0008AC710 /* brogue_escapebutton@2x.png in Resources */,
				C425ADA32820E3C0008AC710 /* brogue_sproutedseed.png in Resources */,
				C425ADA02820E3C0008AC710 /* brogue_showinventory_button.png in Resources */,
				C425ADA22820E3C0008AC710 /* Default-Landscape@2x~ipad.png in Resources */,
				C425AD962820E3C0008AC710 /* gamecenterlogo_brogue@2x.png in Resources */,
				C425AD9C2820E3C0008AC710 /* brogue_sproutedseed@2x.png in Resources */,
				C425AD7B2820E38F008AC710 /* BrogueCE.ttf in Resources */,
				C425AD9A2820E3C0008AC710 /* brogue_directionals@2x.png in Resources */,
				C425ADA42820E3C0008AC710 /* brogue_directionals.png in Resources */,
				C425ADA62820E3C0008AC710 /* brogue_showinventory_button@2x.png in Resources */,
				C425AD9B2820E3C0008AC710 /* icon_144x144.png in Resources */,
				C425AD9D2820E3C0008AC710 /* brogue_dismissbutton@2x.png in Resources */,
				C425ADA52820E3C0008AC710 /* brogue_escapebutton.png in Resources */,
				C425AD972820E3C0008AC710 /* brogue_dismissbutton.png in Resources */,
				C425AD7F2820E3AE008AC710 /* Main.storyboard in Resources */,
				C425ADA72820E3C0008AC710 /* brogue_seed.png in Resources */,
				C425ADA82820E3C0008AC710 /* gamecenterlogo_brogue.png in Resources */,
				C425AD9F2820E3C0008AC710 /* icon_72x72.png in Resources */,
			);
			runOnlyForDeploymentPostprocessing = 0;
		};
/* End PBXResourcesBuildPhase section */

/* Begin PBXSourcesBuildPhase section */
		C425ACE52820E30D008AC710 /* Sources */ = {
			isa = PBXSourcesBuildPhase;
			buildActionMask = 2147483647;
			files = (
				C425ADD42820E718008AC710 /* Utilities.c in Sources */,
				C425ADD72820E718008AC710 /* Globals.c in Sources */,
				C425ADD62820E718008AC710 /* Recordings.c in Sources */,
				C425ADD32820E718008AC710 /* SeedCatalog.c in Sources */,
				C425AD0E2820E34A008AC710 /* RogueDriver.mm in Sources */,
				C425AD112820E34A008AC710 /* SKViewPort.swift in Sources */,
				C425AD802820E3AE008AC710 /* AppDelegate.m in Sources */,
				C425ADD52820E718008AC710 /* Grid.c in Sources */,
				C425AD102820E34A008AC710 /* RogueMain.mm in Sources */,
				C425AD0F2820E34A008AC710 /* Cell.swift in Sources */,
				C425ADC82820E718008AC710 /* Math.c in Sources */,
				C425ADC72820E718008AC710 /* Combat.c in Sources */,
				C425ADCB2820E718008AC710 /* IO.c in Sources */,
				C425ADCA2820E718008AC710 /* Dijkstra.c in Sources */,
				C425ADCF2820E718008AC710 /* Movement.c in Sources */,
				C425ADD02820E718008AC710 /* Time.c in Sources */,
				C425ADCE2820E718008AC710 /* MainMenu.c in Sources */,
				C425ADCC2820E718008AC710 /* Buttons.c in Sources */,
				C425ADD22820E718008AC710 /* Architect.c in Sources */,
				C425AD0D2820E34A008AC710 /* BrogueViewController.swift in Sources */,
				C425ADDC2820E73F008AC710 /* main.c.old in Sources */,
				C425AD0C2820E34A008AC710 /* RogueScene.swift in Sources */,
				C425ADD12820E718008AC710 /* Light.c in Sources */,
				C4D39AE8282189A600A5C26D /* RogueMain.c in Sources */,
				C425ADCD2820E718008AC710 /* Monsters.c in Sources */,
				C425AD7A2820E38F008AC710 /* main.m in Sources */,
				C425ADC62820E718008AC710 /* PowerTables.c in Sources */,
				C425AD122820E34A008AC710 /* DirectionControlsViewController.m in Sources */,
				C425ADDD2820E73F008AC710 /* platformdependent.c in Sources */,
				C425ADC92820E718008AC710 /* Items.c in Sources */,
			);
			runOnlyForDeploymentPostprocessing = 0;
		};
/* End PBXSourcesBuildPhase section */

/* Begin XCBuildConfiguration section */
		C425ACFB2820E30E008AC710 /* Debug */ = {
			isa = XCBuildConfiguration;
			buildSettings = {
				ALWAYS_SEARCH_USER_PATHS = NO;
				CLANG_ANALYZER_NONNULL = YES;
				CLANG_ANALYZER_NUMBER_OBJECT_CONVERSION = YES_AGGRESSIVE;
				CLANG_CXX_LANGUAGE_STANDARD = "gnu++17";
				CLANG_ENABLE_MODULES = YES;
				CLANG_ENABLE_OBJC_ARC = YES;
				CLANG_ENABLE_OBJC_WEAK = YES;
				CLANG_WARN_BLOCK_CAPTURE_AUTORELEASING = YES;
				CLANG_WARN_BOOL_CONVERSION = YES;
				CLANG_WARN_COMMA = YES;
				CLANG_WARN_CONSTANT_CONVERSION = YES;
				CLANG_WARN_DEPRECATED_OBJC_IMPLEMENTATIONS = YES;
				CLANG_WARN_DIRECT_OBJC_ISA_USAGE = YES_ERROR;
				CLANG_WARN_DOCUMENTATION_COMMENTS = YES;
				CLANG_WARN_EMPTY_BODY = YES;
				CLANG_WARN_ENUM_CONVERSION = YES;
				CLANG_WARN_INFINITE_RECURSION = YES;
				CLANG_WARN_INT_CONVERSION = YES;
				CLANG_WARN_NON_LITERAL_NULL_CONVERSION = YES;
				CLANG_WARN_OBJC_IMPLICIT_RETAIN_SELF = YES;
				CLANG_WARN_OBJC_LITERAL_CONVERSION = YES;
				CLANG_WARN_OBJC_ROOT_CLASS = YES_ERROR;
				CLANG_WARN_QUOTED_INCLUDE_IN_FRAMEWORK_HEADER = YES;
				CLANG_WARN_RANGE_LOOP_ANALYSIS = YES;
				CLANG_WARN_STRICT_PROTOTYPES = NO;
				CLANG_WARN_SUSPICIOUS_MOVE = YES;
				CLANG_WARN_UNGUARDED_AVAILABILITY = YES_AGGRESSIVE;
				CLANG_WARN_UNREACHABLE_CODE = YES;
				CLANG_WARN__DUPLICATE_METHOD_MATCH = YES;
				COPY_PHASE_STRIP = NO;
				DEBUG_INFORMATION_FORMAT = dwarf;
				ENABLE_STRICT_OBJC_MSGSEND = YES;
				ENABLE_TESTABILITY = YES;
				GCC_C_LANGUAGE_STANDARD = gnu11;
				GCC_DYNAMIC_NO_PIC = NO;
				GCC_NO_COMMON_BLOCKS = YES;
				GCC_OPTIMIZATION_LEVEL = 0;
				GCC_PRECOMPILE_PREFIX_HEADER = YES;
				GCC_PREFIX_HEADER = "/Users/bob/Developer/RapidBrogue/RapidBrogue/PlatformCode/RapidBrogue-Prefix.pch";
				GCC_PREPROCESSOR_DEFINITIONS = (
					"DEBUG=1",
					"$(inherited)",
				);
				GCC_WARN_64_TO_32_BIT_CONVERSION = YES;
				GCC_WARN_ABOUT_RETURN_TYPE = YES_ERROR;
				GCC_WARN_UNDECLARED_SELECTOR = YES;
				GCC_WARN_UNINITIALIZED_AUTOS = YES_AGGRESSIVE;
				GCC_WARN_UNUSED_FUNCTION = YES;
				GCC_WARN_UNUSED_VARIABLE = YES;
				IPHONEOS_DEPLOYMENT_TARGET = 14.0;
				MTL_ENABLE_DEBUG_INFO = INCLUDE_SOURCE;
				MTL_FAST_MATH = YES;
				ONLY_ACTIVE_ARCH = YES;
				SDKROOT = iphoneos;
				SWIFT_ACTIVE_COMPILATION_CONDITIONS = DEBUG;
				SWIFT_OBJC_BRIDGING_HEADER = "/Users/bob/Developer/RapidBrogue/RapidBrogue/PlatformCode/RapidBrogue-Bridging-Header.h";
				SWIFT_OPTIMIZATION_LEVEL = "-Onone";
			};
			name = Debug;
		};
		C425ACFC2820E30E008AC710 /* Release */ = {
			isa = XCBuildConfiguration;
			buildSettings = {
				ALWAYS_SEARCH_USER_PATHS = NO;
				CLANG_ANALYZER_NONNULL = YES;
				CLANG_ANALYZER_NUMBER_OBJECT_CONVERSION = YES_AGGRESSIVE;
				CLANG_CXX_LANGUAGE_STANDARD = "gnu++17";
				CLANG_ENABLE_MODULES = YES;
				CLANG_ENABLE_OBJC_ARC = YES;
				CLANG_ENABLE_OBJC_WEAK = YES;
				CLANG_WARN_BLOCK_CAPTURE_AUTORELEASING = YES;
				CLANG_WARN_BOOL_CONVERSION = YES;
				CLANG_WARN_COMMA = YES;
				CLANG_WARN_CONSTANT_CONVERSION = YES;
				CLANG_WARN_DEPRECATED_OBJC_IMPLEMENTATIONS = YES;
				CLANG_WARN_DIRECT_OBJC_ISA_USAGE = YES_ERROR;
				CLANG_WARN_DOCUMENTATION_COMMENTS = YES;
				CLANG_WARN_EMPTY_BODY = YES;
				CLANG_WARN_ENUM_CONVERSION = YES;
				CLANG_WARN_INFINITE_RECURSION = YES;
				CLANG_WARN_INT_CONVERSION = YES;
				CLANG_WARN_NON_LITERAL_NULL_CONVERSION = YES;
				CLANG_WARN_OBJC_IMPLICIT_RETAIN_SELF = YES;
				CLANG_WARN_OBJC_LITERAL_CONVERSION = YES;
				CLANG_WARN_OBJC_ROOT_CLASS = YES_ERROR;
				CLANG_WARN_QUOTED_INCLUDE_IN_FRAMEWORK_HEADER = YES;
				CLANG_WARN_RANGE_LOOP_ANALYSIS = YES;
				CLANG_WARN_STRICT_PROTOTYPES = NO;
				CLANG_WARN_SUSPICIOUS_MOVE = YES;
				CLANG_WARN_UNGUARDED_AVAILABILITY = YES_AGGRESSIVE;
				CLANG_WARN_UNREACHABLE_CODE = YES;
				CLANG_WARN__DUPLICATE_METHOD_MATCH = YES;
				COPY_PHASE_STRIP = NO;
				DEBUG_INFORMATION_FORMAT = "dwarf-with-dsym";
				ENABLE_NS_ASSERTIONS = NO;
				ENABLE_STRICT_OBJC_MSGSEND = YES;
				GCC_C_LANGUAGE_STANDARD = gnu11;
				GCC_NO_COMMON_BLOCKS = YES;
				GCC_PRECOMPILE_PREFIX_HEADER = YES;
				GCC_PREFIX_HEADER = "/Users/bob/Developer/RapidBrogue/RapidBrogue/PlatformCode/RapidBrogue-Prefix.pch";
				GCC_WARN_64_TO_32_BIT_CONVERSION = YES;
				GCC_WARN_ABOUT_RETURN_TYPE = YES_ERROR;
				GCC_WARN_UNDECLARED_SELECTOR = YES;
				GCC_WARN_UNINITIALIZED_AUTOS = YES_AGGRESSIVE;
				GCC_WARN_UNUSED_FUNCTION = YES;
				GCC_WARN_UNUSED_VARIABLE = YES;
				IPHONEOS_DEPLOYMENT_TARGET = 14.0;
				MTL_ENABLE_DEBUG_INFO = NO;
				MTL_FAST_MATH = YES;
				SDKROOT = iphoneos;
				SWIFT_COMPILATION_MODE = wholemodule;
				SWIFT_OBJC_BRIDGING_HEADER = "/Users/bob/Developer/RapidBrogue/RapidBrogue/PlatformCode/RapidBrogue-Bridging-Header.h";
				SWIFT_OPTIMIZATION_LEVEL = "-O";
				VALIDATE_PRODUCT = YES;
			};
			name = Release;
		};
		C425ACFE2820E30E008AC710 /* Debug */ = {
			isa = XCBuildConfiguration;
			buildSettings = {
				ASSETCATALOG_COMPILER_APPICON_NAME = AppIcon;
				ASSETCATALOG_COMPILER_GLOBAL_ACCENT_COLOR_NAME = AccentColor;
				CODE_SIGN_STYLE = Automatic;
				CURRENT_PROJECT_VERSION = 1;
				DEVELOPMENT_TEAM = J33P3R33M4;
				GENERATE_INFOPLIST_FILE = YES;
				INFOPLIST_FILE = RapidBrogue/Info.plist;
				INFOPLIST_KEY_UIApplicationSupportsIndirectInputEvents = YES;
				INFOPLIST_KEY_UILaunchStoryboardName = LaunchScreen;
				INFOPLIST_KEY_UIMainStoryboardFile = Main;
				INFOPLIST_KEY_UISupportedInterfaceOrientations = "UIInterfaceOrientationLandscapeLeft UIInterfaceOrientationLandscapeRight";
				INFOPLIST_KEY_UISupportedInterfaceOrientations_iPad = "UIInterfaceOrientationLandscapeLeft UIInterfaceOrientationLandscapeRight";
				INFOPLIST_KEY_UISupportedInterfaceOrientations_iPhone = "UIInterfaceOrientationLandscapeLeft UIInterfaceOrientationLandscapeRight";
				LD_RUNPATH_SEARCH_PATHS = (
					"$(inherited)",
					"@executable_path/Frameworks",
				);
				MARKETING_VERSION = 1.0;
				PRODUCT_BUNDLE_IDENTIFIER = md.taylor.RapidBrogue;
				PRODUCT_NAME = "$(TARGET_NAME)";
				SWIFT_EMIT_LOC_STRINGS = YES;
				SWIFT_VERSION = 5.0;
				TARGETED_DEVICE_FAMILY = "1,2";
			};
			name = Debug;
		};
		C425ACFF2820E30E008AC710 /* Release */ = {
			isa = XCBuildConfiguration;
			buildSettings = {
				ASSETCATALOG_COMPILER_APPICON_NAME = AppIcon;
				ASSETCATALOG_COMPILER_GLOBAL_ACCENT_COLOR_NAME = AccentColor;
				CODE_SIGN_STYLE = Automatic;
				CURRENT_PROJECT_VERSION = 1;
				DEVELOPMENT_TEAM = J33P3R33M4;
				GENERATE_INFOPLIST_FILE = YES;
				INFOPLIST_FILE = RapidBrogue/Info.plist;
				INFOPLIST_KEY_UIApplicationSupportsIndirectInputEvents = YES;
				INFOPLIST_KEY_UILaunchStoryboardName = LaunchScreen;
				INFOPLIST_KEY_UIMainStoryboardFile = Main;
				INFOPLIST_KEY_UISupportedInterfaceOrientations = "UIInterfaceOrientationLandscapeLeft UIInterfaceOrientationLandscapeRight";
				INFOPLIST_KEY_UISupportedInterfaceOrientations_iPad = "UIInterfaceOrientationLandscapeLeft UIInterfaceOrientationLandscapeRight";
				INFOPLIST_KEY_UISupportedInterfaceOrientations_iPhone = "UIInterfaceOrientationLandscapeLeft UIInterfaceOrientationLandscapeRight";
				LD_RUNPATH_SEARCH_PATHS = (
					"$(inherited)",
					"@executable_path/Frameworks",
				);
				MARKETING_VERSION = 1.0;
				PRODUCT_BUNDLE_IDENTIFIER = md.taylor.RapidBrogue;
				PRODUCT_NAME = "$(TARGET_NAME)";
				SWIFT_EMIT_LOC_STRINGS = YES;
				SWIFT_VERSION = 5.0;
				TARGETED_DEVICE_FAMILY = "1,2";
			};
			name = Release;
		};
/* End XCBuildConfiguration section */

/* Begin XCConfigurationList section */
		C425ACE42820E30D008AC710 /* Build configuration list for PBXProject "RapidBrogue" */ = {
			isa = XCConfigurationList;
			buildConfigurations = (
				C425ACFB2820E30E008AC710 /* Debug */,
				C425ACFC2820E30E008AC710 /* Release */,
			);
			defaultConfigurationIsVisible = 0;
			defaultConfigurationName = Release;
		};
		C425ACFD2820E30E008AC710 /* Build configuration list for PBXNativeTarget "RapidBrogue" */ = {
			isa = XCConfigurationList;
			buildConfigurations = (
				C425ACFE2820E30E008AC710 /* Debug */,
				C425ACFF2820E30E008AC710 /* Release */,
			);
			defaultConfigurationIsVisible = 0;
			defaultConfigurationName = Release;
		};
/* End XCConfigurationList section */
	};
	rootObject = C425ACE12820E30D008AC710 /* Project object */;
}
